
Microsoft Visual Studio Solution File, Format Version 12.00
Project("{FAE04EC0-301F-11D3-BF4B-00C04F79EFBC}") = "ManualiAPI", "ManualiAPI\ManualiAPI.csproj", "{E5EB7198-98C4-4B7F-85DB-CC18DD4368D7}"
EndProject
Global
	GlobalSection(SolutionConfigurationPlatforms) = preSolution
		Debug|Any CPU = Debug|Any CPU
		Release|Any CPU = Release|Any CPU
	EndGlobalSection
	GlobalSection(ProjectConfigurationPlatforms) = postSolution
		{E5EB7198-98C4-4B7F-85DB-CC18DD4368D7}.Debug|Any CPU.ActiveCfg = Debug|Any CPU
		{E5EB7198-98C4-4B7F-85DB-CC18DD4368D7}.Debug|Any CPU.Build.0 = Debug|Any CPU
		{E5EB7198-98C4-4B7F-85DB-CC18DD4368D7}.Release|Any CPU.ActiveCfg = Release|Any CPU
		{E5EB7198-98C4-4B7F-85DB-CC18DD4368D7}.Release|Any CPU.Build.0 = Release|Any CPU
	EndGlobalSection
EndGlobal
